github.com/aperturerobotics/protobuf-go-lite v0.11.0 h1:IAaZISqrEpodqECYxk0yKWgROEbZtMhs7bErP+Zma9o=
github.com/aperturerobotics/protobuf-go-lite v0.11.0/go.mod h1:c4kGy7Dkfz6B1m0t4QBIMQoNeQ7m+nYj3Qxxnlwhygo=
github.com/pantopic/wazero-buffer-pool/sdk-go v0.0.1 h1:qCq/mydAA4ULKYgeVB11RQbIVwnYCcnDWOIQvUC9MLE=
github.com/pantopic/wazero-buffer-pool/sdk-go v0.0.1/go.mod h1:RjQGFpEe7vWHFRJMyOEStnxs/wrCTuMuhtm0CMC5g2E=
github.com/pantopic/wazero-global/sdk-go v0.0.2 h1:AEKINPqUInItWyLyE+hzNFN1ww2f/2Gzp6Qnft+yUWI=
github.com/pantopic/wazero-global/sdk-go v0.0.2/go.mod h1:1ZC9ZxiDCX2V6AdgCS0UNjkpHNzVr5HbYTNHgPqHjTA=
github.com/pantopic/wazero-grpc-server/sdk-go v0.0.12 h1:WKD3LM/zL1MfHw79ygn4KNF4R6JvLUgpqG8sA653B+0=
github.com/pantopic/wazero-grpc-server/sdk-go v0.0.12/go.mod h1:hGD7Xh7atAX5dKKcJ0YX97RapK8WlXzw8ViLiIMtNtI=
github.com/pantopic/wazero-shard-client/sdk-go v0.0.1 h1:xJhDEJwvZpYk3p8GJiQFZEZ+nHqi2595I4rgIlJsOyw=
github.com/pantopic/wazero-shard-client/sdk-go v0.0.1/go.mod h1:bAwjgvpHsSnfjRNbxgI/dg3aAhUzQ0Que8B71UCLQfc=
