github.com/aperturerobotics/protobuf-go-lite v0.11.0 h1:IAaZISqrEpodqECYxk0yKWgROEbZtMhs7bErP+Zma9o=
github.com/aperturerobotics/protobuf-go-lite v0.11.0/go.mod h1:c4kGy7Dkfz6B1m0t4QBIMQoNeQ7m+nYj3Qxxnlwhygo=
github.com/golang/snappy v1.0.0 h1:Oy607GVXHs7RtbggtPBnr2RmDArIsAefDwvrdWvRhGs=
github.com/golang/snappy v1.0.0/go.mod h1:/XxbfmMg8lxefKM7IXC3fBNl/7bRcc72aCRzEWrmP2Q=
github.com/pantopic/wazero-atomic/sdk-go v0.0.3 h1:bFRWDzHGBIabQw/v5I53kaAZT3REhTtTk98ya5FV6Oo=
github.com/pantopic/wazero-atomic/sdk-go v0.0.3/go.mod h1:IAoBYxydbgxUXIecfZM/rJOL9lFgZt0QyLj5KgI9lH8=
github.com/pantopic/wazero-global/sdk-go v0.0.2 h1:AEKINPqUInItWyLyE+hzNFN1ww2f/2Gzp6Qnft+yUWI=
github.com/pantopic/wazero-global/sdk-go v0.0.2/go.mod h1:1ZC9ZxiDCX2V6AdgCS0UNjkpHNzVr5HbYTNHgPqHjTA=
github.com/pantopic/wazero-grpc-server/sdk-go v0.0.11 h1:4gLM3MiwJ3AmmgFqksPqPTm/MtInatTOBa4/wXfZIco=
github.com/pantopic/wazero-grpc-server/sdk-go v0.0.11/go.mod h1:hGD7Xh7atAX5dKKcJ0YX97RapK8WlXzw8ViLiIMtNtI=
github.com/pantopic/wazero-lmdb/sdk-go v0.0.9 h1:dw2skzQDzs6w8NOlbB/eAFQReBHjR/vzQgPCdgqx6uA=
github.com/pantopic/wazero-lmdb/sdk-go v0.0.9/go.mod h1:yosGZHWYan8LywlonmYKPxtzdLRTII6GOPDelUExr3o=
github.com/pantopic/wazero-range-watch/sdk-go v0.0.6 h1:sFf5q4SuOKJgph97Y0owCn9dQvFipke3lzJ7y3XTwnw=
github.com/pantopic/wazero-range-watch/sdk-go v0.0.6/go.mod h1:yzzfsLJnHJmYCfTdIIj1JCjKrQi8KTZKeE5AiTtKHz0=
github.com/pantopic/wazero-small-cache/sdk-go v0.0.0-20260301171941-249c73712640 h1:Me0tJ/klIS8dW9SEr7Pajw0ej3qaGBv1GKqMCvk9IkY=
github.com/pantopic/wazero-small-cache/sdk-go v0.0.0-20260301171941-249c73712640/go.mod h1:8L3C98Ev6RHZ3jXuJBqO3B+cPVtFfQwnZEI6cZmaLqE=
github.com/pantopic/wazero-state-machine/sdk-go v0.0.0-20260219170559-27e006e77545 h1:rEfBD/Fcb72s8BAv/Zk1xqRA0gib87nsNz/7f4N2I18=
github.com/pantopic/wazero-state-machine/sdk-go v0.0.0-20260219170559-27e006e77545/go.mod h1:NP9GvVIm9pTT5By8S/H0gx8ZUQAyxmZFlYu7EVxB2Yg=
