github.com/aperturerobotics/protobuf-go-lite v0.17.0 h1:paEC3KNvw+JnIyKAQZlMLh2h4nY6P/Hm0oc20eubYe4=
github.com/aperturerobotics/protobuf-go-lite v0.17.0/go.mod h1:3Ay/E7iaw2KWLirK3+dDdNJZHK0hu8Y1/kKeYeUa+8s=
github.com/golang/snappy v1.0.0 h1:Oy607GVXHs7RtbggtPBnr2RmDArIsAefDwvrdWvRhGs=
github.com/golang/snappy v1.0.0/go.mod h1:/XxbfmMg8lxefKM7IXC3fBNl/7bRcc72aCRzEWrmP2Q=
github.com/pantopic/ext-atomic/sdk-go v0.0.4 h1:sJpF+FvLKpIty8uBKhdPk5CcMBcBUvvllFjlEgRaKGQ=
github.com/pantopic/ext-atomic/sdk-go v0.0.4/go.mod h1:74gdfg5hX1vVnDCbE+Px+fua5KvalUgmNUPm3nG2XoI=
github.com/pantopic/ext-global/sdk-go v0.0.3 h1:aa3JHXzNMcOFHqeypbeiimazY+pqxzZUcNs7pRZaSak=
github.com/pantopic/ext-global/sdk-go v0.0.3/go.mod h1:/ntwF+/A6/xLGHulre9KMQ09gdRBqhuHZvCaXMpN7Lk=
github.com/pantopic/ext-grpc-server/sdk-go v0.0.15 h1:tU6/l5etV3UkNvMv6haW7+qRCoquM6FwMEDpuPIDzE8=
github.com/pantopic/ext-grpc-server/sdk-go v0.0.15/go.mod h1:80sYV0H/vv9updbQp1sY8HQDjIEYk9U8SfizwJP4bQo=
github.com/pantopic/ext-mdb/sdk-go v0.0.10 h1:Y7Ol0SfuzGhZjp0EbUZ5pmQlCbReM3Lg9MUX/dw/SdA=
github.com/pantopic/ext-mdb/sdk-go v0.0.10/go.mod h1:+YVZl8fiN/Jkk1nrpCJJl0iCYdY90zOrzjrBd+kuJhE=
github.com/pantopic/ext-raft/sdk-go v0.0.2 h1:AIpu3g4nVT5U/CngHNYgi69S5bSbNrQ7FTXq1sY3/WI=
github.com/pantopic/ext-raft/sdk-go v0.0.2/go.mod h1:0M9h4aTiRIk9LAF1bMb/yoWPVN8BpbfLFT6e5YY+04Q=
github.com/pantopic/ext-range-watch/sdk-go v0.0.7 h1:uXgDr6mQrHC2fAQhgMa/7a5qPYbY28aNA/01qKARvPg=
github.com/pantopic/ext-range-watch/sdk-go v0.0.7/go.mod h1:C8i6uDRSxAKtA+4CZFfhqyOAIKb9/W1WCWhFaXaqlTs=
github.com/pantopic/ext-small-cache/sdk-go v0.0.2 h1:V0cexzN0rMsaIfMKPi3dvUgBZ7HEpceqBpxXY/G/7wg=
github.com/pantopic/ext-small-cache/sdk-go v0.0.2/go.mod h1:EVVIffZMheNCs3C8VA+6IGgxm9C2JSey1ZC+aE5oDW4=
